
Microsoft Visual Studio Solution File, Format Version 12.00
# Visual Studio Version 17
VisualStudioVersion = 17.6.33829.357
MinimumVisualStudioVersion = 10.0.40219.1
Project("{9A19103F-16F7-4668-BE54-9A1E7A4F7556}") = "Demo.PL", "Demo.PL\Demo.PL.csproj", "{0244FE80-08B4-4EEF-8075-8A935AA5B75C}"
EndProject
Project("{9A19103F-16F7-4668-BE54-9A1E7A4F7556}") = "Demo.DAL", "Demo.DAL\Demo.DAL.csproj", "{F5CC6B65-7E76-4ACE-BE99-7320C1F1103C}"
EndProject
Project("{9A19103F-16F7-4668-BE54-9A1E7A4F7556}") = "Demo.BLL", "Demo.BLL\Demo.BLL.csproj", "{B9572953-D43F-4ECE-BD1B-5D75E5FAA82C}"
EndProject
Global
	GlobalSection(SolutionConfigurationPlatforms) = preSolution
		Debug|Any CPU = Debug|Any CPU
		Release|Any CPU = Release|Any CPU
	EndGlobalSection
	GlobalSection(ProjectConfigurationPlatforms) = postSolution
		{0244FE80-08B4-4EEF-8075-8A935AA5B75C}.Debug|Any CPU.ActiveCfg = Debug|Any CPU
		{0244FE80-08B4-4EEF-8075-8A935AA5B75C}.Debug|Any CPU.Build.0 = Debug|Any CPU
		{0244FE80-08B4-4EEF-8075-8A935AA5B75C}.Release|Any CPU.ActiveCfg = Release|Any CPU
		{0244FE80-08B4-4EEF-8075-8A935AA5B75C}.Release|Any CPU.Build.0 = Release|Any CPU
		{F5CC6B65-7E76-4ACE-BE99-7320C1F1103C}.Debug|Any CPU.ActiveCfg = Debug|Any CPU
		{F5CC6B65-7E76-4ACE-BE99-7320C1F1103C}.Debug|Any CPU.Build.0 = Debug|Any CPU
		{F5CC6B65-7E76-4ACE-BE99-7320C1F1103C}.Release|Any CPU.ActiveCfg = Release|Any CPU
		{F5CC6B65-7E76-4ACE-BE99-7320C1F1103C}.Release|Any CPU.Build.0 = Release|Any CPU
		{B9572953-D43F-4ECE-BD1B-5D75E5FAA82C}.Debug|Any CPU.ActiveCfg = Debug|Any CPU
		{B9572953-D43F-4ECE-BD1B-5D75E5FAA82C}.Debug|Any CPU.Build.0 = Debug|Any CPU
		{B9572953-D43F-4ECE-BD1B-5D75E5FAA82C}.Release|Any CPU.ActiveCfg = Release|Any CPU
		{B9572953-D43F-4ECE-BD1B-5D75E5FAA82C}.Release|Any CPU.Build.0 = Release|Any CPU
	EndGlobalSection
	GlobalSection(SolutionProperties) = preSolution
		HideSolutionNode = FALSE
	EndGlobalSection
	GlobalSection(ExtensibilityGlobals) = postSolution
		SolutionGuid = {1B503294-ED7B-4924-A315-70C5E013F91E}
	EndGlobalSection
EndGlobal
